
Microsoft Visual Studio Solution File, Format Version 12.00
# Visual Studio Version 17
VisualStudioVersion = 17.8.34525.116
MinimumVisualStudioVersion = 10.0.40219.1
Project("{FAE04EC0-301F-11D3-BF4B-00C04F79EFBC}") = "LR-9", "LR-9.csproj", "{BCA1E89D-DC08-4626-B50E-E90D61C2D71F}"
EndProject
Global
	GlobalSection(SolutionConfigurationPlatforms) = preSolution
		Debug|Any CPU = Debug|Any CPU
		Release|Any CPU = Release|Any CPU
	EndGlobalSection
	GlobalSection(ProjectConfigurationPlatforms) = postSolution
		{BCA1E89D-DC08-4626-B50E-E90D61C2D71F}.Debug|Any CPU.ActiveCfg = Debug|Any CPU
		{BCA1E89D-DC08-4626-B50E-E90D61C2D71F}.Debug|Any CPU.Build.0 = Debug|Any CPU
		{BCA1E89D-DC08-4626-B50E-E90D61C2D71F}.Release|Any CPU.ActiveCfg = Release|Any CPU
		{BCA1E89D-DC08-4626-B50E-E90D61C2D71F}.Release|Any CPU.Build.0 = Release|Any CPU
	EndGlobalSection
	GlobalSection(SolutionProperties) = preSolution
		HideSolutionNode = FALSE
	EndGlobalSection
	GlobalSection(ExtensibilityGlobals) = postSolution
		SolutionGuid = {1C276609-3ED5-4CDE-9282-02CECC853421}
	EndGlobalSection
EndGlobal
