
Microsoft Visual Studio Solution File, Format Version 12.00
# Visual Studio Version 17
VisualStudioVersion = 17.8.34511.84
MinimumVisualStudioVersion = 10.0.40219.1
Project("{FAE04EC0-301F-11D3-BF4B-00C04F79EFBC}") = "LR-4_1", "LR-4_1.csproj", "{16366AC8-B3D0-46A0-9D4A-36A108B1CA5A}"
EndProject
Global
	GlobalSection(SolutionConfigurationPlatforms) = preSolution
		Debug|Any CPU = Debug|Any CPU
		Release|Any CPU = Release|Any CPU
	EndGlobalSection
	GlobalSection(ProjectConfigurationPlatforms) = postSolution
		{16366AC8-B3D0-46A0-9D4A-36A108B1CA5A}.Debug|Any CPU.ActiveCfg = Debug|Any CPU
		{16366AC8-B3D0-46A0-9D4A-36A108B1CA5A}.Debug|Any CPU.Build.0 = Debug|Any CPU
		{16366AC8-B3D0-46A0-9D4A-36A108B1CA5A}.Release|Any CPU.ActiveCfg = Release|Any CPU
		{16366AC8-B3D0-46A0-9D4A-36A108B1CA5A}.Release|Any CPU.Build.0 = Release|Any CPU
	EndGlobalSection
	GlobalSection(SolutionProperties) = preSolution
		HideSolutionNode = FALSE
	EndGlobalSection
	GlobalSection(ExtensibilityGlobals) = postSolution
		SolutionGuid = {BCE5B989-0DD7-4A19-8FCB-AF98B5F796E0}
	EndGlobalSection
EndGlobal
